<?xml version="1.0" encoding="utf-8"?>
<Project ToolsVersion="4.0" xmlns="http://schemas.microsoft.com/developer/msbuild/2003">
  <ItemGroup>
    <Filter Include="소스 파일">
      <UniqueIdentifier>{4FC737F1-C7A5-4376-A066-2A32D752A2FF}</UniqueIdentifier>
      <Extensions>cpp;c;cc;cxx;def;odl;idl;hpj;bat;asm;asmx</Extensions>
    </Filter>
    <Filter Include="헤더 파일">
      <UniqueIdentifier>{93995380-89BD-4b04-88EB-625FBE52EBFB}</UniqueIdentifier>
      <Extensions>h;hh;hpp;hxx;hm;inl;inc;ipp;xsd</Extensions>
    </Filter>
    <Filter Include="리소스 파일">
      <UniqueIdentifier>{67DA6AB6-F800-4c08-8B7A-83BB121AAD01}</UniqueIdentifier>
      <Extensions>rc;ico;cur;bmp;dlg;rc2;rct;bin;rgs;gif;jpg;jpeg;jpe;resx;tiff;tif;png;wav;mfcribbon-ms</Extensions>
    </Filter>
    <Filter Include="소스 파일\MEGEN">
      <UniqueIdentifier>{eaf0dbb6-f783-437b-8317-e74829915a4d}</UniqueIdentifier>
    </Filter>
    <Filter Include="소스 파일\Engine">
      <UniqueIdentifier>{cf64f26b-fc79-4905-9b0c-f1d3fdbd9fd4}</UniqueIdentifier>
    </Filter>
    <Filter Include="소스 파일\Engine\Object">
      <UniqueIdentifier>{3cba7497-a14c-4696-86b8-05bee7b3df0d}</UniqueIdentifier>
    </Filter>
    <Filter Include="소스 파일\Engine\Manager">
      <UniqueIdentifier>{a0738320-fee8-42e6-8a95-09fee16c51fe}</UniqueIdentifier>
    </Filter>
    <Filter Include="소스 파일\MEGEN\Character">
      <UniqueIdentifier>{2c1afb11-e7b2-440a-bc05-78ac1e10cb7b}</UniqueIdentifier>
    </Filter>
    <Filter Include="소스 파일\MEGEN\Character\Default">
      <UniqueIdentifier>{ae711dfd-623f-4ddf-a5f3-1b18ec5d06cc}</UniqueIdentifier>
    </Filter>
    <Filter Include="소스 파일\MEGEN\Character\King">
      <UniqueIdentifier>{806b3137-eb79-40f7-bb01-d5bbde1cce65}</UniqueIdentifier>
    </Filter>
    <Filter Include="소스 파일\MEGEN\Character\Chang">
      <UniqueIdentifier>{2d3cbd1a-587c-4082-aaf1-31d106f62caf}</UniqueIdentifier>
    </Filter>
    <Filter Include="소스 파일\MEGEN\Character\DIO">
      <UniqueIdentifier>{32abb052-6bd5-40c9-a9a0-b290475463d8}</UniqueIdentifier>
    </Filter>
  </ItemGroup>
  <ItemGroup>
    <ClCompile Include="main.cpp">
      <Filter>소스 파일</Filter>
    </ClCompile>
    <ClCompile Include="MainGame.cpp">
      <Filter>소스 파일\Engine</Filter>
    </ClCompile>
    <ClCompile Include="GameObject.h">
      <Filter>소스 파일\Engine\Object</Filter>
    </ClCompile>
    <ClInclude Include="KeyManager.h">
      <Filter>소스 파일\Engine\Manager</Filter>
    </ClInclude>
    <ClInclude Include="Singleton.h">
      <Filter>소스 파일\Engine\Manager</Filter>
    </ClInclude>
    <ClCompile Include="Image.cpp">
      <Filter>소스 파일\Engine\Manager</Filter>
    </ClCompile>
    <ClCompile Include="Character.cpp">
      <Filter>소스 파일\MEGEN\Character\Default</Filter>
    </ClCompile>
    <ClCompile Include="DIO.cpp">
      <Filter>소스 파일\MEGEN\Character</Filter>
    </ClCompile>
    <ClCompile Include="DIO.cpp">
      <Filter>소스 파일\MEGEN\Character\DIO</Filter>
    </ClCompile>
    <ClCompile Include="Chang.cpp">
      <Filter>소스 파일\MEGEN\Character\Chang</Filter>
    </ClCompile>
    <ClCompile Include="King.cpp">
      <Filter>소스 파일\MEGEN\Character\King</Filter>
    </ClCompile>
    <ClCompile Include="UI.cpp">
      <Filter>소스 파일</Filter>
    </ClCompile>
    <ClCompile Include="ImageManager.cpp">
      <Filter>소스 파일\Engine\Manager</Filter>
    </ClCompile>
  </ItemGroup>
  <ItemGroup>
    <ClInclude Include="Mugen.h">
      <Filter>헤더 파일</Filter>
    </ClInclude>
    <ClInclude Include="MainGame.h">
      <Filter>소스 파일\Engine</Filter>
    </ClInclude>
    <ClCompile Include="KeyManager.cpp">
      <Filter>소스 파일\Engine\Manager</Filter>
    </ClCompile>
    <ClInclude Include="Image.h">
      <Filter>소스 파일\Engine\Manager</Filter>
    </ClInclude>
    <ClInclude Include="King.h">
      <Filter>소스 파일\MEGEN\Character\King</Filter>
    </ClInclude>
    <ClInclude Include="DIO.h">
      <Filter>소스 파일\MEGEN\Character\DIO</Filter>
    </ClInclude>
    <ClInclude Include="DIO.h">
      <Filter>소스 파일\MEGEN\Character</Filter>
    </ClInclude>
    <ClInclude Include="Chang.h">
      <Filter>소스 파일\MEGEN\Character\Chang</Filter>
    </ClInclude>
    <ClInclude Include="Character.h">
      <Filter>헤더 파일</Filter>
    </ClInclude>
    <ClInclude Include="King.h">
      <Filter>소스 파일\MEGEN\Character\King</Filter>
    </ClInclude>
    <ClInclude Include="UI.h">
      <Filter>헤더 파일</Filter>
    </ClInclude>
    <ClInclude Include="ImageManager.h">
      <Filter>소스 파일\Engine\Manager</Filter>
    </ClInclude>
  </ItemGroup>
</Project>